
Microsoft Visual Studio Solution File, Format Version 12.00
# Visual Studio Version 16
VisualStudioVersion = 16.0.32802.399
MinimumVisualStudioVersion = 10.0.40219.1
Project("{FAE04EC0-301F-11D3-BF4B-00C04F79EFBC}") = "APINotification", "APINotification\APINotification.csproj", "{0AA85A01-E0D5-4429-BE17-7C7F6E1F0FE3}"
EndProject
Global
	GlobalSection(SolutionConfigurationPlatforms) = preSolution
		Debug|Any CPU = Debug|Any CPU
		Release|Any CPU = Release|Any CPU
	EndGlobalSection
	GlobalSection(ProjectConfigurationPlatforms) = postSolution
		{0AA85A01-E0D5-4429-BE17-7C7F6E1F0FE3}.Debug|Any CPU.ActiveCfg = Debug|Any CPU
		{0AA85A01-E0D5-4429-BE17-7C7F6E1F0FE3}.Debug|Any CPU.Build.0 = Debug|Any CPU
		{0AA85A01-E0D5-4429-BE17-7C7F6E1F0FE3}.Release|Any CPU.ActiveCfg = Release|Any CPU
		{0AA85A01-E0D5-4429-BE17-7C7F6E1F0FE3}.Release|Any CPU.Build.0 = Release|Any CPU
	EndGlobalSection
	GlobalSection(SolutionProperties) = preSolution
		HideSolutionNode = FALSE
	EndGlobalSection
	GlobalSection(ExtensibilityGlobals) = postSolution
		SolutionGuid = {C1DC4586-5193-4513-AEBD-92114E8F999F}
	EndGlobalSection
EndGlobal
